{
    "_meta": {
        "hash": {
            "sha256": "15077ebdf91f85b0ae080b106fdfee63bac9d38035cf4a0465ff291621eb5988"
        },
        "pipfile-spec": 6,
        "requires": {
            "python_version": "3.10"
        },
        "sources": [
            {
                "name": "pypi",
                "url": "https://pypi.org/simple",
                "verify_ssl": true
            }
        ]
    },
    "default": {
        "pillow": {
            "hashes": [
                "sha256:013016af6b3a12a2f40b704677f8b51f72cb007dac785a9933d5c86a72a7fe33",
                "sha256:0845adc64fe9886db00f5ab68c4a8cd933ab749a87747555cec1c95acea64b0b",
                "sha256:0884ba7b515163a1a05440a138adeb722b8a6ae2c2b33aea93ea3118dd3a899e",
                "sha256:09b89ddc95c248ee788328528e6a2996e09eaccddeeb82a5356e92645733be35",
                "sha256:0dd4c681b82214b36273c18ca7ee87065a50e013112eea7d78c7a1b89a739153",
                "sha256:0e51f608da093e5d9038c592b5b575cadc12fd748af1479b5e858045fff955a9",
                "sha256:0f3269304c1a7ce82f1759c12ce731ef9b6e95b6df829dccd9fe42912cc48569",
                "sha256:16a8df99701f9095bea8a6c4b3197da105df6f74e6176c5b410bc2df2fd29a57",
                "sha256:19005a8e58b7c1796bc0167862b1f54a64d3b44ee5d48152b06bb861458bc0f8",
                "sha256:1b4b4e9dda4f4e4c4e6896f93e84a8f0bcca3b059de9ddf67dac3c334b1195e1",
                "sha256:28676836c7796805914b76b1837a40f76827ee0d5398f72f7dcc634bae7c6264",
                "sha256:2968c58feca624bb6c8502f9564dd187d0e1389964898f5e9e1fbc8533169157",
                "sha256:3f4cc516e0b264c8d4ccd6b6cbc69a07c6d582d8337df79be1e15a5056b258c9",
                "sha256:3fa1284762aacca6dc97474ee9c16f83990b8eeb6697f2ba17140d54b453e133",
                "sha256:43521ce2c4b865d385e78579a082b6ad1166ebed2b1a2293c3be1d68dd7ca3b9",
                "sha256:451f10ef963918e65b8869e17d67db5e2f4ab40e716ee6ce7129b0cde2876eab",
                "sha256:46c259e87199041583658457372a183636ae8cd56dbf3f0755e0f376a7f9d0e6",
                "sha256:46f39cab8bbf4a384ba7cb0bc8bae7b7062b6a11cfac1ca4bc144dea90d4a9f5",
                "sha256:519e14e2c49fcf7616d6d2cfc5c70adae95682ae20f0395e9280db85e8d6c4df",
                "sha256:53dcb50fbdc3fb2c55431a9b30caeb2f7027fcd2aeb501459464f0214200a503",
                "sha256:54614444887e0d3043557d9dbc697dbb16cfb5a35d672b7a0fcc1ed0cf1c600b",
                "sha256:575d8912dca808edd9acd6f7795199332696d3469665ef26163cd090fa1f8bfa",
                "sha256:5dd5a9c3091a0f414a963d427f920368e2b6a4c2f7527fdd82cde8ef0bc7a327",
                "sha256:5f532a2ad4d174eb73494e7397988e22bf427f91acc8e6ebf5bb10597b49c493",
                "sha256:60e7da3a3ad1812c128750fc1bc14a7ceeb8d29f77e0a2356a8fb2aa8925287d",
                "sha256:653d7fb2df65efefbcbf81ef5fe5e5be931f1ee4332c2893ca638c9b11a409c4",
                "sha256:6663977496d616b618b6cfa43ec86e479ee62b942e1da76a2c3daa1c75933ef4",
                "sha256:6abfb51a82e919e3933eb137e17c4ae9c0475a25508ea88993bb59faf82f3b35",
                "sha256:6c6b1389ed66cdd174d040105123a5a1bc91d0aa7059c7261d20e583b6d8cbd2",
                "sha256:6d9dfb9959a3b0039ee06c1a1a90dc23bac3b430842dcb97908ddde05870601c",
                "sha256:765cb54c0b8724a7c12c55146ae4647e0274a839fb6de7bcba841e04298e1011",
                "sha256:7a21222644ab69ddd9967cfe6f2bb420b460dae4289c9d40ff9a4896e7c35c9a",
                "sha256:7ac7594397698f77bce84382929747130765f66406dc2cd8b4ab4da68ade4c6e",
                "sha256:7cfc287da09f9d2a7ec146ee4d72d6ea1342e770d975e49a8621bf54eaa8f30f",
                "sha256:83125753a60cfc8c412de5896d10a0a405e0bd88d0470ad82e0869ddf0cb3848",
                "sha256:847b114580c5cc9ebaf216dd8c8dbc6b00a3b7ab0131e173d7120e6deade1f57",
                "sha256:87708d78a14d56a990fbf4f9cb350b7d89ee8988705e58e39bdf4d82c149210f",
                "sha256:8a2b5874d17e72dfb80d917213abd55d7e1ed2479f38f001f264f7ce7bae757c",
                "sha256:8f127e7b028900421cad64f51f75c051b628db17fb00e099eb148761eed598c9",
                "sha256:94cdff45173b1919350601f82d61365e792895e3c3a3443cf99819e6fbf717a5",
                "sha256:99d92d148dd03fd19d16175b6d355cc1b01faf80dae93c6c3eb4163709edc0a9",
                "sha256:9a3049a10261d7f2b6514d35bbb7a4dfc3ece4c4de14ef5876c4b7a23a0e566d",
                "sha256:9d9a62576b68cd90f7075876f4e8444487db5eeea0e4df3ba298ee38a8d067b0",
                "sha256:9e5f94742033898bfe84c93c831a6f552bb629448d4072dd312306bab3bd96f1",
                "sha256:a1c2d7780448eb93fbcc3789bf3916aa5720d942e37945f4056680317f1cd23e",
                "sha256:a2e0f87144fcbbe54297cae708c5e7f9da21a4646523456b00cc956bd4c65815",
                "sha256:a4dfdae195335abb4e89cc9762b2edc524f3c6e80d647a9a81bf81e17e3fb6f0",
                "sha256:a96e6e23f2b79433390273eaf8cc94fec9c6370842e577ab10dabdcc7ea0a66b",
                "sha256:aabdab8ec1e7ca7f1434d042bf8b1e92056245fb179790dc97ed040361f16bfd",
                "sha256:b222090c455d6d1a64e6b7bb5f4035c4dff479e22455c9eaa1bdd4c75b52c80c",
                "sha256:b52ff4f4e002f828ea6483faf4c4e8deea8d743cf801b74910243c58acc6eda3",
                "sha256:b70756ec9417c34e097f987b4d8c510975216ad26ba6e57ccb53bc758f490dab",
                "sha256:b8c2f6eb0df979ee99433d8b3f6d193d9590f735cf12274c108bd954e30ca858",
                "sha256:b9b752ab91e78234941e44abdecc07f1f0d8f51fb62941d32995b8161f68cfe5",
                "sha256:ba6612b6548220ff5e9df85261bddc811a057b0b465a1226b39bfb8550616aee",
                "sha256:bd752c5ff1b4a870b7661234694f24b1d2b9076b8bf337321a814c612665f343",
                "sha256:c3c4ed2ff6760e98d262e0cc9c9a7f7b8a9f61aa4d47c58835cdaf7b0b8811bb",
                "sha256:c5c1362c14aee73f50143d74389b2c158707b4abce2cb055b7ad37ce60738d47",
                "sha256:cb362e3b0976dc994857391b776ddaa8c13c28a16f80ac6522c23d5257156bed",
                "sha256:d197df5489004db87d90b918033edbeee0bd6df3848a204bca3ff0a903bef837",
                "sha256:d3b56206244dc8711f7e8b7d6cad4663917cd5b2d950799425076681e8766286",
                "sha256:d5b2f8a31bd43e0f18172d8ac82347c8f37ef3e0b414431157718aa234991b28",
                "sha256:d7081c084ceb58278dd3cf81f836bc818978c0ccc770cbbb202125ddabec6628",
                "sha256:db74f5562c09953b2c5f8ec4b7dfd3f5421f31811e97d1dbc0a7c93d6e3a24df",
                "sha256:df41112ccce5d47770a0c13651479fbcd8793f34232a2dd9faeccb75eb5d0d0d",
                "sha256:e1339790c083c5a4de48f688b4841f18df839eb3c9584a770cbd818b33e26d5d",
                "sha256:e621b0246192d3b9cb1dc62c78cfa4c6f6d2ddc0ec207d43c0dedecb914f152a",
                "sha256:e8c5cf126889a4de385c02a2c3d3aba4b00f70234bfddae82a5eaa3ee6d5e3e6",
                "sha256:e9d7747847c53a16a729b6ee5e737cf170f7a16611c143d95aa60a109a59c336",
                "sha256:eaef5d2de3c7e9b21f1e762f289d17b726c2239a42b11e25446abf82b26ac132",
                "sha256:ed3e4b4e1e6de75fdc16d3259098de7c6571b1a6cc863b1a49e7d3d53e036070",
                "sha256:ef21af928e807f10bf4141cad4746eee692a0dd3ff56cfb25fce076ec3cc8abe",
                "sha256:f09598b416ba39a8f489c124447b007fe865f786a89dbfa48bb5cf395693132a",
                "sha256:f0caf4a5dcf610d96c3bd32932bfac8aee61c96e60481c2a0ea58da435e25acd",
                "sha256:f6e78171be3fb7941f9910ea15b4b14ec27725865a73c15277bc39f5ca4f8391",
                "sha256:f715c32e774a60a337b2bb8ad9839b4abf75b267a0f18806f6f4f5f1688c4b5a",
                "sha256:fb5c1ad6bad98c57482236a21bf985ab0ef42bd51f7ad4e4538e89a997624e12"
            ],
            "index": "pypi",
            "version": "==9.4.0"
        },
        "pygame": {
            "hashes": [
                "sha256:009e9886a463f4cb86e5d11024fafb6b9a5f5808d21c4df66938922adc6ee90b",
                "sha256:06e8e4d04f8d57969689d9316bbffc7e4b9862534541535b6e892e410c4f4248",
                "sha256:0745fc99d104c71bf90c70c09a541b7922ba47391e16e9629490722fc1f3e46b",
                "sha256:0b182a6010f16571b1a92e34208ac1e9ad01a725f2fa3c1ad158c4b515ae12de",
                "sha256:0e8cb75c4cb8ae512e4f3d5410ea64359b049f7825a6e8a9010fdf5c539b8433",
                "sha256:154a0a0a953006e8ab90353055037b6710e00aa19941e2fbc1b4f0358e1a4882",
                "sha256:1758bbf986efc9f08344c7eae733f6d04f596745f737bc4c02412b809ac65d58",
                "sha256:1924826a32cc49c0d6b2e523f05e2ea608e1ff631ba595a910ddf37a8b38ee77",
                "sha256:1e083351df89cc0f9ce003cff003d420fa0362e9fd00a793c9a68fc8cd0a2e5f",
                "sha256:217072e80f470847e121b5c5658f89be35e2c1c3ab23d4126fe80fc64fd34d27",
                "sha256:21a4fbc7462d3b8bd9692a6198fb031a80a85e7ac24cfcee382901b2b57db67c",
                "sha256:240f920f846150ffb2c217d75cd1005989fbedd007df82949db361934bfa9660",
                "sha256:261fd434d869e1ae285b3ca90112d62c712fde53679e1bce3dfcee79e93f2b06",
                "sha256:2f2c3c25a1018495011dd0734df4f23ddf6e88037e884b9ecb03ef33a17c5b4c",
                "sha256:2fbbd59b95017824a9b7c3695b13f2df27a64c557c42970a6cad2e26dd5f4f31",
                "sha256:41baee1b5502b7472df0eb59af66ee347ac8ef042b08b553c85546e34daa736a",
                "sha256:45cfe97fa4de560d866f53afbf3c61136bfb4114eb585ac4b6c82c278baf2c1c",
                "sha256:4908fc837fd9f68b6cfdfeffb99b342c25cf770d76768498dc4c066c2f8b2776",
                "sha256:4ef7f1f7d37ffddee63569b5d09f693d0704b04e7c2ff5af90bf61e4cdffe6c7",
                "sha256:50934f9efc6f51d1c4408b607d34162f74ec0763628c6384e062f6bc3e97d98a",
                "sha256:55374e1afb72c6dc546fb1d9ac972de2adf642de69ec7003e66023254512f1e5",
                "sha256:5581841a9baa902d7efc243d3d03ae380f929e90d98ecccbbd49b1fa03e0a6ff",
                "sha256:5624318d189403dde7c58bdb62c340edd0faad6f18a6cf46a9f6923a66db2ba4",
                "sha256:565cccf5bf47e2ec577a0c237919aef9da66d075e982d339fae31e37734e02b8",
                "sha256:595b639fab8a1acafe78050ef71668eae0a22fb5efa022b0cd2bce26a15a371d",
                "sha256:6403f1705fc3b4fc2a51e06f3a7102cc1ed9884dc9ff5b99a4cac0d65255ad58",
                "sha256:64d37dc04a14df9519e2e87611cac6a144c6204365e3fdb0bfb86fa459e32f38",
                "sha256:6d138b15cf378b3755e1e48ea49f0f0406067ada2c176bc6489e70bc836ab72d",
                "sha256:704cb29a380b8e84d4051300e7eccd918e35cb8c44ae931fc0ec8c942e42c71f",
                "sha256:76f8207ed3feeda63df711245bec8613809b7aea71db7d0a1515268c5bd6f52d",
                "sha256:787c1f46905c2f6dd0310144fa7c61cb54d97990c477992601555edf01699f95",
                "sha256:787fff1984107da0c533d2e87c85b0082788c8b24952adf9f0bc6459be485e7f",
                "sha256:7b06978de0400276e451cbbbba80cc9566cf5663dbb8518b7ec598078440de06",
                "sha256:7cd54e859e1b626c332e254128db30e5d6d33544c10154a1ec7a052cac6a50a4",
                "sha256:867498b0ac20f5c981dcc3ee00262d06b3806b355c632f42c11f5b716ccb2ba1",
                "sha256:868ec3a2b87fdca43b4f4ef8314d4fb00c4d9ef6e732f5a9b0348ae3d015de3d",
                "sha256:8fa2701374d3125084b2fd1f9c6d056e7e0fb8ec655e46a5fa1531b7e419fa69",
                "sha256:97b0ec29c9810ca1125df013656e13a89388e5ca72fdd4d900235bceaed30349",
                "sha256:986805fbc0827bf8b8dd8c52aa4ce2fbd4475d51fe1df326bf3e788c1b9f59fd",
                "sha256:a0420eb1015abb3ebba4d29c1239010eac4d82a36b94659847d18af218293aa4",
                "sha256:a139c4290fa5227ccead2c57f6e41195c22f643e0fb7336c9da0c734c9df3cd4",
                "sha256:a9f24b4aeba86e882f3640c4251b0325f86556a5f2661bd7c9e3dc1c9fe966c6",
                "sha256:ab841fe3a4c703cc021d3bb466a9bf5df41edfa3267c44fff5bd6f47944cd4c3",
                "sha256:ad0835f1406a8589ebe7447801a47ff68c16b753d2b27193947e21c8adbac8c1",
                "sha256:af925800444941cea5e45eb94954e5335006fb1b5d35d996e22b3f616e9e0e8e",
                "sha256:b0bfcc7359308748edfe277137efd19f21e5b22373f106848d64dc048db22701",
                "sha256:b358abc054bf94fede79bb213f7ac9dd8a8737c8ac48a6bb0fa72314c147bd76",
                "sha256:b75481cc17a22679c69014ef2322d55cfa66be0923abbd9206e01ef10bb5dab6",
                "sha256:ba578c5cac85358566de3010b3f3393df3b936b310eba6811abbae5241ec19c0",
                "sha256:bc1bbb23e4f32b361956275bdde5992893981362fd37c0e62586537400bd4a4b",
                "sha256:bf1024e516fd3a3948ec45f0ad3b63e69f66c342e4678b2e04a383f735272b8f",
                "sha256:bf5b5fbb526fe76b0eb5a076b94afd29e0a91bc1ba9d6b573fad9722b7e8a5d9",
                "sha256:bfc8a0d863470ec673ff267caaff59b858e967ef78170dc04fc318a7c5f9dd33",
                "sha256:c473efee52359806d8c0a876f42ccb7ead088e7ae8f5d31e6e43f94793c943ea",
                "sha256:c9d827fbd093d5d4ef35bd9ec2994535b5f37af15860975be7e59a2d415b51c7",
                "sha256:caa4c10f79793b7be9eb1e647f84eee3e9ebb79d143d72eecaaaeb94eb44e1c1",
                "sha256:cb0493d0f7fa378fccfc65548aec92edeadbde981c964337f11c884432bfaa35",
                "sha256:cd259998a71a2f7793a4e5d5fc31493f7c7d9ec73e4320895145e7dbc1c8e48d",
                "sha256:d61bbd7a071d80706fd6337abd96484398dc04b3245e8e5df4e7c99e3676086b",
                "sha256:d9764bb10f61a1137aa1118b832417c52e53da19971f4fa94605ea5bd4acc92b",
                "sha256:df29c4369df9231eebffac801fa7af021279d7e9dc4c1cae698cc4077c98d069",
                "sha256:df450cc4342d5664accfdd895c5ee380710eaf16942722117c01deab3373bb35",
                "sha256:e18c6b0fa9e39ad3fe68e48ace92285c026ee70f05bf4dfa54a33fa89f7a0474",
                "sha256:e26c4bb679e7514a7f6c69ca8a68a495013bf46f200476d334459c44a733356f",
                "sha256:f04d89bdf7951e9fde68c7174b522befd9ae6e5c2a75d195435223df044aaacc",
                "sha256:f26e9f1385dddffe605d8afbcba1f90f81156deadbc27327dcc844eb71e24ffa",
                "sha256:f5760ea0f181c8395bc39fdb50000ce2b77d453ba4c0d98e00303a89af6ae5f0",
                "sha256:f71cfb9f161473511543ba8e713f1b34c6b00c70412ecd2d71111da82fe7f062",
                "sha256:f9fe7d817ae099f1b1fd0aac7502f7472a3ba18b068efa3dc30b5d293760565a",
                "sha256:fa8efe34b13a6bfb37e627c2b28e9967b87cd01de92cd000852e08ef8aed1cf0",
                "sha256:ff16c4cffa9958935d39eed73e5a707fc6e86b85f1ec06baf7172c555801730d"
            ],
            "index": "pypi",
            "version": "==2.1.3"
        },
        "windows-curses": {
            "hashes": [
                "sha256:25e7ff3d77aed6c747456b06fbc1528d67fc59d1ef3be9ca244774e65e6bdbb2",
                "sha256:2644f4547ae5124ce5129b66faa59ee0995b7b7205ed5e3920f6ecfef2e46275",
                "sha256:395656bfe88d6f60cb18604605d423e0f2d1c3a8f550507dca5877a9d0b3a0f3",
                "sha256:59856b41676c4b3eb527eb6b1478803d4dc92413b2e63aea762407807ffcd3ac",
                "sha256:5c55ebafdb402cfa927174a03d651cd1b1e76d6e6cf71818f9d3378636c00e74",
                "sha256:6ea8e1c4536fee248ee3f88e5010871df749932b7e829e2f012e5d23bd2fe31d",
                "sha256:85675de4ae7058348140daae83a8a7b81147a84ef9ab699307b3168f9490292f",
                "sha256:8b541520895649c0835771775034a2b4edf36da3c3d9381c5022b5b4f9a5014e",
                "sha256:9cd0ba6efde23930736eff45a0aa0af6fd82e60b4787a46157ef4956d2c52b06",
                "sha256:a551aaa09d6ec28f64ade8e85fd0c52880c8e9114729a79c34803104e49bed71",
                "sha256:aab7e28133bf81769cddf8b3c3c8ab89e76cd43effd371c6370e918b6dfccf1b",
                "sha256:f9a7fcd03934e40238f9bbeddae51e3fdc442f28bca50afccdc521245ed39439"
            ],
            "index": "pypi",
            "version": "==2.3.1"
        }
    },
    "develop": {}
}
